
Microsoft Visual Studio Solution File, Format Version 12.00
# Visual Studio Version 17
VisualStudioVersion = 17.6.33513.286
MinimumVisualStudioVersion = 10.0.40219.1
Project("{FAE04EC0-301F-11D3-BF4B-00C04F79EFBC}") = "BlazorProgressiveFileUpload.Server", "BlazorProgressiveFileUpload\Server\BlazorProgressiveFileUpload.Server.csproj", "{1BFE1B77-6BA2-4EC6-8D20-C11A19D899EB}"
EndProject
Project("{FAE04EC0-301F-11D3-BF4B-00C04F79EFBC}") = "BlazorProgressiveFileUpload.Client", "BlazorProgressiveFileUpload\Client\BlazorProgressiveFileUpload.Client.csproj", "{C8235085-9819-4FA7-9A20-D9DBF3AD5439}"
EndProject
Project("{FAE04EC0-301F-11D3-BF4B-00C04F79EFBC}") = "BlazorProgressiveFileUpload.Shared", "BlazorProgressiveFileUpload\Shared\BlazorProgressiveFileUpload.Shared.csproj", "{18E2CB36-592B-4785-9482-2E7D7E918587}"
EndProject
Global
	GlobalSection(SolutionConfigurationPlatforms) = preSolution
		Debug|Any CPU = Debug|Any CPU
		Release|Any CPU = Release|Any CPU
	EndGlobalSection
	GlobalSection(ProjectConfigurationPlatforms) = postSolution
		{1BFE1B77-6BA2-4EC6-8D20-C11A19D899EB}.Debug|Any CPU.ActiveCfg = Debug|Any CPU
		{1BFE1B77-6BA2-4EC6-8D20-C11A19D899EB}.Debug|Any CPU.Build.0 = Debug|Any CPU
		{1BFE1B77-6BA2-4EC6-8D20-C11A19D899EB}.Release|Any CPU.ActiveCfg = Release|Any CPU
		{1BFE1B77-6BA2-4EC6-8D20-C11A19D899EB}.Release|Any CPU.Build.0 = Release|Any CPU
		{C8235085-9819-4FA7-9A20-D9DBF3AD5439}.Debug|Any CPU.ActiveCfg = Debug|Any CPU
		{C8235085-9819-4FA7-9A20-D9DBF3AD5439}.Debug|Any CPU.Build.0 = Debug|Any CPU
		{C8235085-9819-4FA7-9A20-D9DBF3AD5439}.Release|Any CPU.ActiveCfg = Release|Any CPU
		{C8235085-9819-4FA7-9A20-D9DBF3AD5439}.Release|Any CPU.Build.0 = Release|Any CPU
		{18E2CB36-592B-4785-9482-2E7D7E918587}.Debug|Any CPU.ActiveCfg = Debug|Any CPU
		{18E2CB36-592B-4785-9482-2E7D7E918587}.Debug|Any CPU.Build.0 = Debug|Any CPU
		{18E2CB36-592B-4785-9482-2E7D7E918587}.Release|Any CPU.ActiveCfg = Release|Any CPU
		{18E2CB36-592B-4785-9482-2E7D7E918587}.Release|Any CPU.Build.0 = Release|Any CPU
	EndGlobalSection
	GlobalSection(SolutionProperties) = preSolution
		HideSolutionNode = FALSE
	EndGlobalSection
	GlobalSection(ExtensibilityGlobals) = postSolution
		SolutionGuid = {E3C81364-A174-4808-A601-00DD964895B1}
	EndGlobalSection
EndGlobal
